
Microsoft Visual Studio Solution File, Format Version 12.00
# Visual Studio Version 16
VisualStudioVersion = 16.0.29905.134
MinimumVisualStudioVersion = 10.0.40219.1
Project("{2150E333-8FDC-42A3-9474-1A3956D46DE8}") = "BLL", "BLL", "{7CE40F40-E829-4630-A9BF-454B553A8EEE}"
EndProject
Project("{2150E333-8FDC-42A3-9474-1A3956D46DE8}") = "DAL", "DAL", "{55D2B76E-0A05-4F9E-9654-E3C6ADCF2CCD}"
EndProject
Project("{2150E333-8FDC-42A3-9474-1A3956D46DE8}") = "Library", "Library", "{6120C34F-EECB-44E3-A688-25E259C5839B}"
EndProject
Project("{2150E333-8FDC-42A3-9474-1A3956D46DE8}") = "API", "API", "{9B3D9DFD-9D0A-4AC6-A49B-A60CBE8E7574}"
EndProject
Project("{9A19103F-16F7-4668-BE54-9A1E7A4F7556}") = "AspNET.BLL", "AspNET.BLL\AspNET.BLL.csproj", "{B890FC1E-7015-40FF-85FE-4FF14A65112D}"
EndProject
Project("{9A19103F-16F7-4668-BE54-9A1E7A4F7556}") = "ASPNET.DTO", "ASPNET.DTO\ASPNET.DTO.csproj", "{1618479E-BDC5-41B5-99DD-86A4C2440C28}"
EndProject
Project("{9A19103F-16F7-4668-BE54-9A1E7A4F7556}") = "AspNetdbContext", "AspNetdbContext\AspNetdbContext.csproj", "{85000BAE-D14D-4568-A13E-E17342B80834}"
EndProject
Project("{9A19103F-16F7-4668-BE54-9A1E7A4F7556}") = "Asp.Net_API", "Asp.Net_API\Asp.Net_API.csproj", "{C971F0B4-2C0C-41C1-A341-6600CBE17EAA}"
EndProject
Global
	GlobalSection(SolutionConfigurationPlatforms) = preSolution
		Debug|Any CPU = Debug|Any CPU
		Release|Any CPU = Release|Any CPU
	EndGlobalSection
	GlobalSection(ProjectConfigurationPlatforms) = postSolution
		{B890FC1E-7015-40FF-85FE-4FF14A65112D}.Debug|Any CPU.ActiveCfg = Debug|Any CPU
		{B890FC1E-7015-40FF-85FE-4FF14A65112D}.Debug|Any CPU.Build.0 = Debug|Any CPU
		{B890FC1E-7015-40FF-85FE-4FF14A65112D}.Release|Any CPU.ActiveCfg = Release|Any CPU
		{B890FC1E-7015-40FF-85FE-4FF14A65112D}.Release|Any CPU.Build.0 = Release|Any CPU
		{1618479E-BDC5-41B5-99DD-86A4C2440C28}.Debug|Any CPU.ActiveCfg = Debug|Any CPU
		{1618479E-BDC5-41B5-99DD-86A4C2440C28}.Debug|Any CPU.Build.0 = Debug|Any CPU
		{1618479E-BDC5-41B5-99DD-86A4C2440C28}.Release|Any CPU.ActiveCfg = Release|Any CPU
		{1618479E-BDC5-41B5-99DD-86A4C2440C28}.Release|Any CPU.Build.0 = Release|Any CPU
		{85000BAE-D14D-4568-A13E-E17342B80834}.Debug|Any CPU.ActiveCfg = Debug|Any CPU
		{85000BAE-D14D-4568-A13E-E17342B80834}.Debug|Any CPU.Build.0 = Debug|Any CPU
		{85000BAE-D14D-4568-A13E-E17342B80834}.Release|Any CPU.ActiveCfg = Release|Any CPU
		{85000BAE-D14D-4568-A13E-E17342B80834}.Release|Any CPU.Build.0 = Release|Any CPU
		{C971F0B4-2C0C-41C1-A341-6600CBE17EAA}.Debug|Any CPU.ActiveCfg = Debug|Any CPU
		{C971F0B4-2C0C-41C1-A341-6600CBE17EAA}.Debug|Any CPU.Build.0 = Debug|Any CPU
		{C971F0B4-2C0C-41C1-A341-6600CBE17EAA}.Release|Any CPU.ActiveCfg = Release|Any CPU
		{C971F0B4-2C0C-41C1-A341-6600CBE17EAA}.Release|Any CPU.Build.0 = Release|Any CPU
	EndGlobalSection
	GlobalSection(SolutionProperties) = preSolution
		HideSolutionNode = FALSE
	EndGlobalSection
	GlobalSection(NestedProjects) = preSolution
		{B890FC1E-7015-40FF-85FE-4FF14A65112D} = {7CE40F40-E829-4630-A9BF-454B553A8EEE}
		{1618479E-BDC5-41B5-99DD-86A4C2440C28} = {6120C34F-EECB-44E3-A688-25E259C5839B}
		{85000BAE-D14D-4568-A13E-E17342B80834} = {55D2B76E-0A05-4F9E-9654-E3C6ADCF2CCD}
		{C971F0B4-2C0C-41C1-A341-6600CBE17EAA} = {9B3D9DFD-9D0A-4AC6-A49B-A60CBE8E7574}
	EndGlobalSection
	GlobalSection(ExtensibilityGlobals) = postSolution
		SolutionGuid = {56B5B5D6-3D74-4F45-88D2-84EDD5747D10}
	EndGlobalSection
EndGlobal
